
Microsoft Visual Studio Solution File, Format Version 12.00
# Visual Studio Version 17
VisualStudioVersion = 17.11.35222.181
MinimumVisualStudioVersion = 10.0.40219.1
Project("{8BC9CEB8-8B4A-11D0-8D11-00A0C91BC942}") = "LB_10.3N", "LB_10.3N.vcxproj", "{416A7FC1-8530-4099-AC62-4E8EC38564C0}"
EndProject
Project("{8BC9CEB8-8B4A-11D0-8D11-00A0C91BC942}") = "UnitTest10.3N", "..\UnitTest10.3N\UnitTest10.3N.vcxproj", "{10F540EC-29A1-4D1D-93EB-CBB6DA4E66D6}"
EndProject
Global
	GlobalSection(SolutionConfigurationPlatforms) = preSolution
		Debug|x64 = Debug|x64
		Debug|x86 = Debug|x86
		Release|x64 = Release|x64
		Release|x86 = Release|x86
	EndGlobalSection
	GlobalSection(ProjectConfigurationPlatforms) = postSolution
		{416A7FC1-8530-4099-AC62-4E8EC38564C0}.Debug|x64.ActiveCfg = Debug|x64
		{416A7FC1-8530-4099-AC62-4E8EC38564C0}.Debug|x64.Build.0 = Debug|x64
		{416A7FC1-8530-4099-AC62-4E8EC38564C0}.Debug|x86.ActiveCfg = Debug|Win32
		{416A7FC1-8530-4099-AC62-4E8EC38564C0}.Debug|x86.Build.0 = Debug|Win32
		{416A7FC1-8530-4099-AC62-4E8EC38564C0}.Release|x64.ActiveCfg = Release|x64
		{416A7FC1-8530-4099-AC62-4E8EC38564C0}.Release|x64.Build.0 = Release|x64
		{416A7FC1-8530-4099-AC62-4E8EC38564C0}.Release|x86.ActiveCfg = Release|Win32
		{416A7FC1-8530-4099-AC62-4E8EC38564C0}.Release|x86.Build.0 = Release|Win32
		{10F540EC-29A1-4D1D-93EB-CBB6DA4E66D6}.Debug|x64.ActiveCfg = Debug|x64
		{10F540EC-29A1-4D1D-93EB-CBB6DA4E66D6}.Debug|x64.Build.0 = Debug|x64
		{10F540EC-29A1-4D1D-93EB-CBB6DA4E66D6}.Debug|x86.ActiveCfg = Debug|Win32
		{10F540EC-29A1-4D1D-93EB-CBB6DA4E66D6}.Debug|x86.Build.0 = Debug|Win32
		{10F540EC-29A1-4D1D-93EB-CBB6DA4E66D6}.Release|x64.ActiveCfg = Release|x64
		{10F540EC-29A1-4D1D-93EB-CBB6DA4E66D6}.Release|x64.Build.0 = Release|x64
		{10F540EC-29A1-4D1D-93EB-CBB6DA4E66D6}.Release|x86.ActiveCfg = Release|Win32
		{10F540EC-29A1-4D1D-93EB-CBB6DA4E66D6}.Release|x86.Build.0 = Release|Win32
	EndGlobalSection
	GlobalSection(SolutionProperties) = preSolution
		HideSolutionNode = FALSE
	EndGlobalSection
	GlobalSection(ExtensibilityGlobals) = postSolution
		SolutionGuid = {5404394E-8F00-43D9-8EDE-54CA758D7A41}
	EndGlobalSection
EndGlobal
